// !$*UTF8*$!
{
	archiveVersion = 1;
	classes = {
	};
	objectVersion = 50;
	objects = {

/* Begin PBXBuildFile section */
		7FEECCD426178F4F00256209 /* Tests_iOS.swift in Sources */ = {isa = PBXBuildFile; fileRef = 7FEECCD326178F4F00256209 /* Tests_iOS.swift */; };
		7FEECCDF26178F4F00256209 /* Tests_macOS.swift in Sources */ = {isa = PBXBuildFile; fileRef = 7FEECCDE26178F4F00256209 /* Tests_macOS.swift */; };
		7FEECCE126178F4F00256209 /* metropolisAlgorithmApp.swift in Sources */ = {isa = PBXBuildFile; fileRef = 7FEECCB826178F4E00256209 /* metropolisAlgorithmApp.swift */; };
		7FEECCE226178F4F00256209 /* metropolisAlgorithmApp.swift in Sources */ = {isa = PBXBuildFile; fileRef = 7FEECCB826178F4E00256209 /* metropolisAlgorithmApp.swift */; };
		7FEECCE326178F4F00256209 /* ContentView.swift in Sources */ = {isa = PBXBuildFile; fileRef = 7FEECCB926178F4E00256209 /* ContentView.swift */; };
		7FEECCE426178F4F00256209 /* ContentView.swift in Sources */ = {isa = PBXBuildFile; fileRef = 7FEECCB926178F4E00256209 /* ContentView.swift */; };
		7FEECCE526178F4F00256209 /* Assets.xcassets in Resources */ = {isa = PBXBuildFile; fileRef = 7FEECCBA26178F4F00256209 /* Assets.xcassets */; };
		7FEECCE626178F4F00256209 /* Assets.xcassets in Resources */ = {isa = PBXBuildFile; fileRef = 7FEECCBA26178F4F00256209 /* Assets.xcassets */; };
/* End PBXBuildFile section */

/* Begin PBXContainerItemProxy section */
		7FEECCD026178F4F00256209 /* PBXContainerItemProxy */ = {
			isa = PBXContainerItemProxy;
			containerPortal = 7FEECCB326178F4D00256209 /* Project object */;
			proxyType = 1;
			remoteGlobalIDString = 7FEECCBE26178F4F00256209;
			remoteInfo = "metropolisAlgorithm (iOS)";
		};
		7FEECCDB26178F4F00256209 /* PBXContainerItemProxy */ = {
			isa = PBXContainerItemProxy;
			containerPortal = 7FEECCB326178F4D00256209 /* Project object */;
			proxyType = 1;
			remoteGlobalIDString = 7FEECCC626178F4F00256209;
			remoteInfo = "metropolisAlgorithm (macOS)";
		};
/* End PBXContainerItemProxy section */

/* Begin PBXFileReference section */
		7FEECCB826178F4E00256209 /* metropolisAlgorithmApp.swift */ = {isa = PBXFileReference; lastKnownFileType = sourcecode.swift; path = metropolisAlgorithmApp.swift; sourceTree = "<group>"; };
		7FEECCB926178F4E00256209 /* ContentView.swift */ = {isa = PBXFileReference; lastKnownFileType = sourcecode.swift; path = ContentView.swift; sourceTree = "<group>"; };
		7FEECCBA26178F4F00256209 /* Assets.xcassets */ = {isa = PBXFileReference; lastKnownFileType = folder.assetcatalog; path = Assets.xcassets; sourceTree = "<group>"; };
		7FEECCBF26178F4F00256209 /* metropolisAlgorithm.app */ = {isa = PBXFileReference; explicitFileType = wrapper.application; includeInIndex = 0; path = metropolisAlgorithm.app; sourceTree = BUILT_PRODUCTS_DIR; };
		7FEECCC226178F4F00256209 /* Info.plist */ = {isa = PBXFileReference; lastKnownFileType = text.plist.xml; path = Info.plist; sourceTree = "<group>"; };
		7FEECCC726178F4F00256209 /* metropolisAlgorithm.app */ = {isa = PBXFileReference; explicitFileType = wrapper.application; includeInIndex = 0; path = metropolisAlgorithm.app; sourceTree = BUILT_PRODUCTS_DIR; };
		7FEECCC926178F4F00256209 /* Info.plist */ = {isa = PBXFileReference; lastKnownFileType = text.plist.xml; path = Info.plist; sourceTree = "<group>"; };
		7FEECCCA26178F4F00256209 /* macOS.entitlements */ = {isa = PBXFileReference; lastKnownFileType = text.plist.entitlements; path = macOS.entitlements; sourceTree = "<group>"; };
		7FEECCCF26178F4F00256209 /* Tests iOS.xctest */ = {isa = PBXFileReference; explicitFileType = wrapper.cfbundle; includeInIndex = 0; path = "Tests iOS.xctest"; sourceTree = BUILT_PRODUCTS_DIR; };
		7FEECCD326178F4F00256209 /* Tests_iOS.swift */ = {isa = PBXFileReference; lastKnownFileType = sourcecode.swift; path = Tests_iOS.swift; sourceTree = "<group>"; };
		7FEECCD526178F4F00256209 /* Info.plist */ = {isa = PBXFileReference; lastKnownFileType = text.plist.xml; path = Info.plist; sourceTree = "<group>"; };
		7FEECCDA26178F4F00256209 /* Tests macOS.xctest */ = {isa = PBXFileReference; explicitFileType = wrapper.cfbundle; includeInIndex = 0; path = "Tests macOS.xctest"; sourceTree = BUILT_PRODUCTS_DIR; };
		7FEECCDE26178F4F00256209 /* Tests_macOS.swift */ = {isa = PBXFileReference; lastKnownFileType = sourcecode.swift; path = Tests_macOS.swift; sourceTree = "<group>"; };
		7FEECCE026178F4F00256209 /* Info.plist */ = {isa = PBXFileReference; lastKnownFileType = text.plist.xml; path = Info.plist; sourceTree = "<group>"; };
/* End PBXFileReference section */

/* Begin PBXFrameworksBuildPhase section */
		7FEECCBC26178F4F00256209 /* Frameworks */ = {
			isa = PBXFrameworksBuildPhase;
			buildActionMask = 2147483647;
			files = (
			);
			runOnlyForDeploymentPostprocessing = 0;
		};
		7FEECCC426178F4F00256209 /* Frameworks */ = {
			isa = PBXFrameworksBuildPhase;
			buildActionMask = 2147483647;
			files = (
			);
			runOnlyForDeploymentPostprocessing = 0;
		};
		7FEECCCC26178F4F00256209 /* Frameworks */ = {
			isa = PBXFrameworksBuildPhase;
			buildActionMask = 2147483647;
			files = (
			);
			runOnlyForDeploymentPostprocessing = 0;
		};
		7FEECCD726178F4F00256209 /* Frameworks */ = {
			isa = PBXFrameworksBuildPhase;
			buildActionMask = 2147483647;
			files = (
			);
			runOnlyForDeploymentPostprocessing = 0;
		};
/* End PBXFrameworksBuildPhase section */

/* Begin PBXGroup section */
		7FEECCB226178F4D00256209 = {
			isa = PBXGroup;
			children = (
				7FEECCB726178F4E00256209 /* Shared */,
				7FEECCC126178F4F00256209 /* iOS */,
				7FEECCC826178F4F00256209 /* macOS */,
				7FEECCD226178F4F00256209 /* Tests iOS */,
				7FEECCDD26178F4F00256209 /* Tests macOS */,
				7FEECCC026178F4F00256209 /* Products */,
			);
			sourceTree = "<group>";
		};
		7FEECCB726178F4E00256209 /* Shared */ = {
			isa = PBXGroup;
			children = (
				7FEECCB826178F4E00256209 /* metropolisAlgorithmApp.swift */,
				7FEECCB926178F4E00256209 /* ContentView.swift */,
				7FEECCBA26178F4F00256209 /* Assets.xcassets */,
			);
			path = Shared;
			sourceTree = "<group>";
		};
		7FEECCC026178F4F00256209 /* Products */ = {
			isa = PBXGroup;
			children = (
				7FEECCBF26178F4F00256209 /* metropolisAlgorithm.app */,
				7FEECCC726178F4F00256209 /* metropolisAlgorithm.app */,
				7FEECCCF26178F4F00256209 /* Tests iOS.xctest */,
				7FEECCDA26178F4F00256209 /* Tests macOS.xctest */,
			);
			name = Products;
			sourceTree = "<group>";
		};
		7FEECCC126178F4F00256209 /* iOS */ = {
			isa = PBXGroup;
			children = (
				7FEECCC226178F4F00256209 /* Info.plist */,
			);
			path = iOS;
			sourceTree = "<group>";
		};
		7FEECCC826178F4F00256209 /* macOS */ = {
			isa = PBXGroup;
			children = (
				7FEECCC926178F4F00256209 /* Info.plist */,
				7FEECCCA26178F4F00256209 /* macOS.entitlements */,
			);
			path = macOS;
			sourceTree = "<group>";
		};
		7FEECCD226178F4F00256209 /* Tests iOS */ = {
			isa = PBXGroup;
			children = (
				7FEECCD326178F4F00256209 /* Tests_iOS.swift */,
				7FEECCD526178F4F00256209 /* Info.plist */,
			);
			path = "Tests iOS";
			sourceTree = "<group>";
		};
		7FEECCDD26178F4F00256209 /* Tests macOS */ = {
			isa = PBXGroup;
			children = (
				7FEECCDE26178F4F00256209 /* Tests_macOS.swift */,
				7FEECCE026178F4F00256209 /* Info.plist */,
			);
			path = "Tests macOS";
			sourceTree = "<group>";
		};
/* End PBXGroup section */

/* Begin PBXNativeTarget section */
		7FEECCBE26178F4F00256209 /* metropolisAlgorithm (iOS) */ = {
			isa = PBXNativeTarget;
			buildConfigurationList = 7FEECCE926178F4F00256209 /* Build configuration list for PBXNativeTarget "metropolisAlgorithm (iOS)" */;
			buildPhases = (
				7FEECCBB26178F4F00256209 /* Sources */,
				7FEECCBC26178F4F00256209 /* Frameworks */,
				7FEECCBD26178F4F00256209 /* Resources */,
			);
			buildRules = (
			);
			dependencies = (
			);
			name = "metropolisAlgorithm (iOS)";
			productName = "metropolisAlgorithm (iOS)";
			productReference = 7FEECCBF26178F4F00256209 /* metropolisAlgorithm.app */;
			productType = "com.apple.product-type.application";
		};
		7FEECCC626178F4F00256209 /* metropolisAlgorithm (macOS) */ = {
			isa = PBXNativeTarget;
			buildConfigurationList = 7FEECCEC26178F4F00256209 /* Build configuration list for PBXNativeTarget "metropolisAlgorithm (macOS)" */;
			buildPhases = (
				7FEECCC326178F4F00256209 /* Sources */,
				7FEECCC426178F4F00256209 /* Frameworks */,
				7FEECCC526178F4F00256209 /* Resources */,
			);
			buildRules = (
			);
			dependencies = (
			);
			name = "metropolisAlgorithm (macOS)";
			productName = "metropolisAlgorithm (macOS)";
			productReference = 7FEECCC726178F4F00256209 /* metropolisAlgorithm.app */;
			productType = "com.apple.product-type.application";
		};
		7FEECCCE26178F4F00256209 /* Tests iOS */ = {
			isa = PBXNativeTarget;
			buildConfigurationList = 7FEECCEF26178F4F00256209 /* Build configuration list for PBXNativeTarget "Tests iOS" */;
			buildPhases = (
				7FEECCCB26178F4F00256209 /* Sources */,
				7FEECCCC26178F4F00256209 /* Frameworks */,
				7FEECCCD26178F4F00256209 /* Resources */,
			);
			buildRules = (
			);
			dependencies = (
				7FEECCD126178F4F00256209 /* PBXTargetDependency */,
			);
			name = "Tests iOS";
			productName = "Tests iOS";
			productReference = 7FEECCCF26178F4F00256209 /* Tests iOS.xctest */;
			productType = "com.apple.product-type.bundle.ui-testing";
		};
		7FEECCD926178F4F00256209 /* Tests macOS */ = {
			isa = PBXNativeTarget;
			buildConfigurationList = 7FEECCF226178F4F00256209 /* Build configuration list for PBXNativeTarget "Tests macOS" */;
			buildPhases = (
				7FEECCD626178F4F00256209 /* Sources */,
				7FEECCD726178F4F00256209 /* Frameworks */,
				7FEECCD826178F4F00256209 /* Resources */,
			);
			buildRules = (
			);
			dependencies = (
				7FEECCDC26178F4F00256209 /* PBXTargetDependency */,
			);
			name = "Tests macOS";
			productName = "Tests macOS";
			productReference = 7FEECCDA26178F4F00256209 /* Tests macOS.xctest */;
			productType = "com.apple.product-type.bundle.ui-testing";
		};
/* End PBXNativeTarget section */

/* Begin PBXProject section */
		7FEECCB326178F4D00256209 /* Project object */ = {
			isa = PBXProject;
			attributes = {
				LastSwiftUpdateCheck = 1240;
				LastUpgradeCheck = 1240;
				TargetAttributes = {
					7FEECCBE26178F4F00256209 = {
						CreatedOnToolsVersion = 12.4;
					};
					7FEECCC626178F4F00256209 = {
						CreatedOnToolsVersion = 12.4;
					};
					7FEECCCE26178F4F00256209 = {
						CreatedOnToolsVersion = 12.4;
						TestTargetID = 7FEECCBE26178F4F00256209;
					};
					7FEECCD926178F4F00256209 = {
						CreatedOnToolsVersion = 12.4;
						TestTargetID = 7FEECCC626178F4F00256209;
					};
				};
			};
			buildConfigurationList = 7FEECCB626178F4D00256209 /* Build configuration list for PBXProject "metropolisAlgorithm" */;
			compatibilityVersion = "Xcode 9.3";
			developmentRegion = en;
			hasScannedForEncodings = 0;
			knownRegions = (
				en,
				Base,
			);
			mainGroup = 7FEECCB226178F4D00256209;
			productRefGroup = 7FEECCC026178F4F00256209 /* Products */;
			projectDirPath = "";
			projectRoot = "";
			targets = (
				7FEECCBE26178F4F00256209 /* metropolisAlgorithm (iOS) */,
				7FEECCC626178F4F00256209 /* metropolisAlgorithm (macOS) */,
				7FEECCCE26178F4F00256209 /* Tests iOS */,
				7FEECCD926178F4F00256209 /* Tests macOS */,
			);
		};
/* End PBXProject section */

/* Begin PBXResourcesBuildPhase section */
		7FEECCBD26178F4F00256209 /* Resources */ = {
			isa = PBXResourcesBuildPhase;
			buildActionMask = 2147483647;
			files = (
				7FEECCE526178F4F00256209 /* Assets.xcassets in Resources */,
			);
			runOnlyForDeploymentPostprocessing = 0;
		};
		7FEECCC526178F4F00256209 /* Resources */ = {
			isa = PBXResourcesBuildPhase;
			buildActionMask = 2147483647;
			files = (
				7FEECCE626178F4F00256209 /* Assets.xcassets in Resources */,
			);
			runOnlyForDeploymentPostprocessing = 0;
		};
		7FEECCCD26178F4F00256209 /* Resources */ = {
			isa = PBXResourcesBuildPhase;
			buildActionMask = 2147483647;
			files = (
			);
			runOnlyForDeploymentPostprocessing = 0;
		};
		7FEECCD826178F4F00256209 /* Resources */ = {
			isa = PBXResourcesBuildPhase;
			buildActionMask = 2147483647;
			files = (
			);
			runOnlyForDeploymentPostprocessing = 0;
		};
/* End PBXResourcesBuildPhase section */

/* Begin PBXSourcesBuildPhase section */
		7FEECCBB26178F4F00256209 /* Sources */ = {
			isa = PBXSourcesBuildPhase;
			buildActionMask = 2147483647;
			files = (
				7FEECCE326178F4F00256209 /* ContentView.swift in Sources */,
				7FEECCE126178F4F00256209 /* metropolisAlgorithmApp.swift in Sources */,
			);
			runOnlyForDeploymentPostprocessing = 0;
		};
		7FEECCC326178F4F00256209 /* Sources */ = {
			isa = PBXSourcesBuildPhase;
			buildActionMask = 2147483647;
			files = (
				7FEECCE426178F4F00256209 /* ContentView.swift in Sources */,
				7FEECCE226178F4F00256209 /* metropolisAlgorithmApp.swift in Sources */,
			);
			runOnlyForDeploymentPostprocessing = 0;
		};
		7FEECCCB26178F4F00256209 /* Sources */ = {
			isa = PBXSourcesBuildPhase;
			buildActionMask = 2147483647;
			files = (
				7FEECCD426178F4F00256209 /* Tests_iOS.swift in Sources */,
			);
			runOnlyForDeploymentPostprocessing = 0;
		};
		7FEECCD626178F4F00256209 /* Sources */ = {
			isa = PBXSourcesBuildPhase;
			buildActionMask = 2147483647;
			files = (
				7FEECCDF26178F4F00256209 /* Tests_macOS.swift in Sources */,
			);
			runOnlyForDeploymentPostprocessing = 0;
		};
/* End PBXSourcesBuildPhase section */

/* Begin PBXTargetDependency section */
		7FEECCD126178F4F00256209 /* PBXTargetDependency */ = {
			isa = PBXTargetDependency;
			target = 7FEECCBE26178F4F00256209 /* metropolisAlgorithm (iOS) */;
			targetProxy = 7FEECCD026178F4F00256209 /* PBXContainerItemProxy */;
		};
		7FEECCDC26178F4F00256209 /* PBXTargetDependency */ = {
			isa = PBXTargetDependency;
			target = 7FEECCC626178F4F00256209 /* metropolisAlgorithm (macOS) */;
			targetProxy = 7FEECCDB26178F4F00256209 /* PBXContainerItemProxy */;
		};
/* End PBXTargetDependency section */

/* Begin XCBuildConfiguration section */
		7FEECCE726178F4F00256209 /* Debug */ = {
			isa = XCBuildConfiguration;
			buildSettings = {
				ALWAYS_SEARCH_USER_PATHS = NO;
				CLANG_ANALYZER_NONNULL = YES;
				CLANG_ANALYZER_NUMBER_OBJECT_CONVERSION = YES_AGGRESSIVE;
				CLANG_CXX_LANGUAGE_STANDARD = "gnu++14";
				CLANG_CXX_LIBRARY = "libc++";
				CLANG_ENABLE_MODULES = YES;
				CLANG_ENABLE_OBJC_ARC = YES;
				CLANG_ENABLE_OBJC_WEAK = YES;
				CLANG_WARN_BLOCK_CAPTURE_AUTORELEASING = YES;
				CLANG_WARN_BOOL_CONVERSION = YES;
				CLANG_WARN_COMMA = YES;
				CLANG_WARN_CONSTANT_CONVERSION = YES;
				CLANG_WARN_DEPRECATED_OBJC_IMPLEMENTATIONS = YES;
				CLANG_WARN_DIRECT_OBJC_ISA_USAGE = YES_ERROR;
				CLANG_WARN_DOCUMENTATION_COMMENTS = YES;
				CLANG_WARN_EMPTY_BODY = YES;
				CLANG_WARN_ENUM_CONVERSION = YES;
				CLANG_WARN_INFINITE_RECURSION = YES;
				CLANG_WARN_INT_CONVERSION = YES;
				CLANG_WARN_NON_LITERAL_NULL_CONVERSION = YES;
				CLANG_WARN_OBJC_IMPLICIT_RETAIN_SELF = YES;
				CLANG_WARN_OBJC_LITERAL_CONVERSION = YES;
				CLANG_WARN_OBJC_ROOT_CLASS = YES_ERROR;
				CLANG_WARN_QUOTED_INCLUDE_IN_FRAMEWORK_HEADER = YES;
				CLANG_WARN_RANGE_LOOP_ANALYSIS = YES;
				CLANG_WARN_STRICT_PROTOTYPES = YES;
				CLANG_WARN_SUSPICIOUS_MOVE = YES;
				CLANG_WARN_UNGUARDED_AVAILABILITY = YES_AGGRESSIVE;
				CLANG_WARN_UNREACHABLE_CODE = YES;
				CLANG_WARN__DUPLICATE_METHOD_MATCH = YES;
				COPY_PHASE_STRIP = NO;
				DEBUG_INFORMATION_FORMAT = dwarf;
				ENABLE_STRICT_OBJC_MSGSEND = YES;
				ENABLE_TESTABILITY = YES;
				GCC_C_LANGUAGE_STANDARD = gnu11;
				GCC_DYNAMIC_NO_PIC = NO;
				GCC_NO_COMMON_BLOCKS = YES;
				GCC_OPTIMIZATION_LEVEL = 0;
				GCC_PREPROCESSOR_DEFINITIONS = (
					"DEBUG=1",
					"$(inherited)",
				);
				GCC_WARN_64_TO_32_BIT_CONVERSION = YES;
				GCC_WARN_ABOUT_RETURN_TYPE = YES_ERROR;
				GCC_WARN_UNDECLARED_SELECTOR = YES;
				GCC_WARN_UNINITIALIZED_AUTOS = YES_AGGRESSIVE;
				GCC_WARN_UNUSED_FUNCTION = YES;
				GCC_WARN_UNUSED_VARIABLE = YES;
				MTL_ENABLE_DEBUG_INFO = INCLUDE_SOURCE;
				MTL_FAST_MATH = YES;
				ONLY_ACTIVE_ARCH = YES;
				SWIFT_ACTIVE_COMPILATION_CONDITIONS = DEBUG;
				SWIFT_OPTIMIZATION_LEVEL = "-Onone";
			};
			name = Debug;
		};
		7FEECCE826178F4F00256209 /* Release */ = {
			isa = XCBuildConfiguration;
			buildSettings = {
				ALWAYS_SEARCH_USER_PATHS = NO;
				CLANG_ANALYZER_NONNULL = YES;
				CLANG_ANALYZER_NUMBER_OBJECT_CONVERSION = YES_AGGRESSIVE;
				CLANG_CXX_LANGUAGE_STANDARD = "gnu++14";
				CLANG_CXX_LIBRARY = "libc++";
				CLANG_ENABLE_MODULES = YES;
				CLANG_ENABLE_OBJC_ARC = YES;
				CLANG_ENABLE_OBJC_WEAK = YES;
				CLANG_WARN_BLOCK_CAPTURE_AUTORELEASING = YES;
				CLANG_WARN_BOOL_CONVERSION = YES;
				CLANG_WARN_COMMA = YES;
				CLANG_WARN_CONSTANT_CONVERSION = YES;
				CLANG_WARN_DEPRECATED_OBJC_IMPLEMENTATIONS = YES;
				CLANG_WARN_DIRECT_OBJC_ISA_USAGE = YES_ERROR;
				CLANG_WARN_DOCUMENTATION_COMMENTS = YES;
				CLANG_WARN_EMPTY_BODY = YES;
				CLANG_WARN_ENUM_CONVERSION = YES;
				CLANG_WARN_INFINITE_RECURSION = YES;
				CLANG_WARN_INT_CONVERSION = YES;
				CLANG_WARN_NON_LITERAL_NULL_CONVERSION = YES;
				CLANG_WARN_OBJC_IMPLICIT_RETAIN_SELF = YES;
				CLANG_WARN_OBJC_LITERAL_CONVERSION = YES;
				CLANG_WARN_OBJC_ROOT_CLASS = YES_ERROR;
				CLANG_WARN_QUOTED_INCLUDE_IN_FRAMEWORK_HEADER = YES;
				CLANG_WARN_RANGE_LOOP_ANALYSIS = YES;
				CLANG_WARN_STRICT_PROTOTYPES = YES;
				CLANG_WARN_SUSPICIOUS_MOVE = YES;
				CLANG_WARN_UNGUARDED_AVAILABILITY = YES_AGGRESSIVE;
				CLANG_WARN_UNREACHABLE_CODE = YES;
				CLANG_WARN__DUPLICATE_METHOD_MATCH = YES;
				COPY_PHASE_STRIP = NO;
				DEBUG_INFORMATION_FORMAT = "dwarf-with-dsym";
				ENABLE_NS_ASSERTIONS = NO;
				ENABLE_STRICT_OBJC_MSGSEND = YES;
				GCC_C_LANGUAGE_STANDARD = gnu11;
				GCC_NO_COMMON_BLOCKS = YES;
				GCC_WARN_64_TO_32_BIT_CONVERSION = YES;
				GCC_WARN_ABOUT_RETURN_TYPE = YES_ERROR;
				GCC_WARN_UNDECLARED_SELECTOR = YES;
				GCC_WARN_UNINITIALIZED_AUTOS = YES_AGGRESSIVE;
				GCC_WARN_UNUSED_FUNCTION = YES;
				GCC_WARN_UNUSED_VARIABLE = YES;
				MTL_ENABLE_DEBUG_INFO = NO;
				MTL_FAST_MATH = YES;
				SWIFT_COMPILATION_MODE = wholemodule;
				SWIFT_OPTIMIZATION_LEVEL = "-O";
			};
			name = Release;
		};
		7FEECCEA26178F4F00256209 /* Debug */ = {
			isa = XCBuildConfiguration;
			buildSettings = {
				ASSETCATALOG_COMPILER_APPICON_NAME = AppIcon;
				ASSETCATALOG_COMPILER_GLOBAL_ACCENT_COLOR_NAME = AccentColor;
				CODE_SIGN_STYLE = Automatic;
				DEVELOPMENT_TEAM = 3FRW7Z34LU;
				ENABLE_PREVIEWS = YES;
				INFOPLIST_FILE = iOS/Info.plist;
				IPHONEOS_DEPLOYMENT_TARGET = 14.0;
				LD_RUNPATH_SEARCH_PATHS = (
					"$(inherited)",
					"@executable_path/Frameworks",
				);
				PRODUCT_BUNDLE_IDENTIFIER = com.MAiit.metropolisAlgorithm;
				PRODUCT_NAME = metropolisAlgorithm;
				SDKROOT = iphoneos;
				SWIFT_VERSION = 5.0;
				TARGETED_DEVICE_FAMILY = "1,2";
			};
			name = Debug;
		};
		7FEECCEB26178F4F00256209 /* Release */ = {
			isa = XCBuildConfiguration;
			buildSettings = {
				ASSETCATALOG_COMPILER_APPICON_NAME = AppIcon;
				ASSETCATALOG_COMPILER_GLOBAL_ACCENT_COLOR_NAME = AccentColor;
				CODE_SIGN_STYLE = Automatic;
				DEVELOPMENT_TEAM = 3FRW7Z34LU;
				ENABLE_PREVIEWS = YES;
				INFOPLIST_FILE = iOS/Info.plist;
				IPHONEOS_DEPLOYMENT_TARGET = 14.0;
				LD_RUNPATH_SEARCH_PATHS = (
					"$(inherited)",
					"@executable_path/Frameworks",
				);
				PRODUCT_BUNDLE_IDENTIFIER = com.MAiit.metropolisAlgorithm;
				PRODUCT_NAME = metropolisAlgorithm;
				SDKROOT = iphoneos;
				SWIFT_VERSION = 5.0;
				TARGETED_DEVICE_FAMILY = "1,2";
				VALIDATE_PRODUCT = YES;
			};
			name = Release;
		};
		7FEECCED26178F4F00256209 /* Debug */ = {
			isa = XCBuildConfiguration;
			buildSettings = {
				ASSETCATALOG_COMPILER_APPICON_NAME = AppIcon;
				ASSETCATALOG_COMPILER_GLOBAL_ACCENT_COLOR_NAME = AccentColor;
				CODE_SIGN_ENTITLEMENTS = macOS/macOS.entitlements;
				CODE_SIGN_STYLE = Automatic;
				COMBINE_HIDPI_IMAGES = YES;
				DEVELOPMENT_TEAM = 3FRW7Z34LU;
				ENABLE_HARDENED_RUNTIME = YES;
				ENABLE_PREVIEWS = YES;
				INFOPLIST_FILE = macOS/Info.plist;
				LD_RUNPATH_SEARCH_PATHS = (
					"$(inherited)",
					"@executable_path/../Frameworks",
				);
				MACOSX_DEPLOYMENT_TARGET = 11.0;
				PRODUCT_BUNDLE_IDENTIFIER = com.MAiit.metropolisAlgorithm;
				PRODUCT_NAME = metropolisAlgorithm;
				SDKROOT = macosx;
				SWIFT_VERSION = 5.0;
			};
			name = Debug;
		};
		7FEECCEE26178F4F00256209 /* Release */ = {
			isa = XCBuildConfiguration;
			buildSettings = {
				ASSETCATALOG_COMPILER_APPICON_NAME = AppIcon;
				ASSETCATALOG_COMPILER_GLOBAL_ACCENT_COLOR_NAME = AccentColor;
				CODE_SIGN_ENTITLEMENTS = macOS/macOS.entitlements;
				CODE_SIGN_STYLE = Automatic;
				COMBINE_HIDPI_IMAGES = YES;
				DEVELOPMENT_TEAM = 3FRW7Z34LU;
				ENABLE_HARDENED_RUNTIME = YES;
				ENABLE_PREVIEWS = YES;
				INFOPLIST_FILE = macOS/Info.plist;
				LD_RUNPATH_SEARCH_PATHS = (
					"$(inherited)",
					"@executable_path/../Frameworks",
				);
				MACOSX_DEPLOYMENT_TARGET = 11.0;
				PRODUCT_BUNDLE_IDENTIFIER = com.MAiit.metropolisAlgorithm;
				PRODUCT_NAME = metropolisAlgorithm;
				SDKROOT = macosx;
				SWIFT_VERSION = 5.0;
			};
			name = Release;
		};
		7FEECCF026178F4F00256209 /* Debug */ = {
			isa = XCBuildConfiguration;
			buildSettings = {
				ALWAYS_EMBED_SWIFT_STANDARD_LIBRARIES = YES;
				CODE_SIGN_STYLE = Automatic;
				DEVELOPMENT_TEAM = 3FRW7Z34LU;
				INFOPLIST_FILE = "Tests iOS/Info.plist";
				IPHONEOS_DEPLOYMENT_TARGET = 14.4;
				LD_RUNPATH_SEARCH_PATHS = (
					"$(inherited)",
					"@executable_path/Frameworks",
					"@loader_path/Frameworks",
				);
				PRODUCT_BUNDLE_IDENTIFIER = "com.MAiit.Tests-iOS";
				PRODUCT_NAME = "$(TARGET_NAME)";
				SDKROOT = iphoneos;
				SWIFT_VERSION = 5.0;
				TARGETED_DEVICE_FAMILY = "1,2";
				TEST_TARGET_NAME = "metropolisAlgorithm (iOS)";
			};
			name = Debug;
		};
		7FEECCF126178F4F00256209 /* Release */ = {
			isa = XCBuildConfiguration;
			buildSettings = {
				ALWAYS_EMBED_SWIFT_STANDARD_LIBRARIES = YES;
				CODE_SIGN_STYLE = Automatic;
				DEVELOPMENT_TEAM = 3FRW7Z34LU;
				INFOPLIST_FILE = "Tests iOS/Info.plist";
				IPHONEOS_DEPLOYMENT_TARGET = 14.4;
				LD_RUNPATH_SEARCH_PATHS = (
					"$(inherited)",
					"@executable_path/Frameworks",
					"@loader_path/Frameworks",
				);
				PRODUCT_BUNDLE_IDENTIFIER = "com.MAiit.Tests-iOS";
				PRODUCT_NAME = "$(TARGET_NAME)";
				SDKROOT = iphoneos;
				SWIFT_VERSION = 5.0;
				TARGETED_DEVICE_FAMILY = "1,2";
				TEST_TARGET_NAME = "metropolisAlgorithm (iOS)";
				VALIDATE_PRODUCT = YES;
			};
			name = Release;
		};
		7FEECCF326178F4F00256209 /* Debug */ = {
			isa = XCBuildConfiguration;
			buildSettings = {
				ALWAYS_EMBED_SWIFT_STANDARD_LIBRARIES = YES;
				CODE_SIGN_STYLE = Automatic;
				COMBINE_HIDPI_IMAGES = YES;
				DEVELOPMENT_TEAM = 3FRW7Z34LU;
				INFOPLIST_FILE = "Tests macOS/Info.plist";
				LD_RUNPATH_SEARCH_PATHS = (
					"$(inherited)",
					"@executable_path/../Frameworks",
					"@loader_path/../Frameworks",
				);
				MACOSX_DEPLOYMENT_TARGET = 11.1;
				PRODUCT_BUNDLE_IDENTIFIER = "com.MAiit.Tests-macOS";
				PRODUCT_NAME = "$(TARGET_NAME)";
				SDKROOT = macosx;
				SWIFT_VERSION = 5.0;
				TEST_TARGET_NAME = "metropolisAlgorithm (macOS)";
			};
			name = Debug;
		};
		7FEECCF426178F4F00256209 /* Release */ = {
			isa = XCBuildConfiguration;
			buildSettings = {
				ALWAYS_EMBED_SWIFT_STANDARD_LIBRARIES = YES;
				CODE_SIGN_STYLE = Automatic;
				COMBINE_HIDPI_IMAGES = YES;
				DEVELOPMENT_TEAM = 3FRW7Z34LU;
				INFOPLIST_FILE = "Tests macOS/Info.plist";
				LD_RUNPATH_SEARCH_PATHS = (
					"$(inherited)",
					"@executable_path/../Frameworks",
					"@loader_path/../Frameworks",
				);
				MACOSX_DEPLOYMENT_TARGET = 11.1;
				PRODUCT_BUNDLE_IDENTIFIER = "com.MAiit.Tests-macOS";
				PRODUCT_NAME = "$(TARGET_NAME)";
				SDKROOT = macosx;
				SWIFT_VERSION = 5.0;
				TEST_TARGET_NAME = "metropolisAlgorithm (macOS)";
			};
			name = Release;
		};
/* End XCBuildConfiguration section */

/* Begin XCConfigurationList section */
		7FEECCB626178F4D00256209 /* Build configuration list for PBXProject "metropolisAlgorithm" */ = {
			isa = XCConfigurationList;
			buildConfigurations = (
				7FEECCE726178F4F00256209 /* Debug */,
				7FEECCE826178F4F00256209 /* Release */,
			);
			defaultConfigurationIsVisible = 0;
			defaultConfigurationName = Release;
		};
		7FEECCE926178F4F00256209 /* Build configuration list for PBXNativeTarget "metropolisAlgorithm (iOS)" */ = {
			isa = XCConfigurationList;
			buildConfigurations = (
				7FEECCEA26178F4F00256209 /* Debug */,
				7FEECCEB26178F4F00256209 /* Release */,
			);
			defaultConfigurationIsVisible = 0;
			defaultConfigurationName = Release;
		};
		7FEECCEC26178F4F00256209 /* Build configuration list for PBXNativeTarget "metropolisAlgorithm (macOS)" */ = {
			isa = XCConfigurationList;
			buildConfigurations = (
				7FEECCED26178F4F00256209 /* Debug */,
				7FEECCEE26178F4F00256209 /* Release */,
			);
			defaultConfigurationIsVisible = 0;
			defaultConfigurationName = Release;
		};
		7FEECCEF26178F4F00256209 /* Build configuration list for PBXNativeTarget "Tests iOS" */ = {
			isa = XCConfigurationList;
			buildConfigurations = (
				7FEECCF026178F4F00256209 /* Debug */,
				7FEECCF126178F4F00256209 /* Release */,
			);
			defaultConfigurationIsVisible = 0;
			defaultConfigurationName = Release;
		};
		7FEECCF226178F4F00256209 /* Build configuration list for PBXNativeTarget "Tests macOS" */ = {
			isa = XCConfigurationList;
			buildConfigurations = (
				7FEECCF326178F4F00256209 /* Debug */,
				7FEECCF426178F4F00256209 /* Release */,
			);
			defaultConfigurationIsVisible = 0;
			defaultConfigurationName = Release;
		};
/* End XCConfigurationList section */
	};
	rootObject = 7FEECCB326178F4D00256209 /* Project object */;
}
